
Microsoft Visual Studio Solution File, Format Version 12.00
# Visual Studio Version 17
VisualStudioVersion = 17.8.34330.188
MinimumVisualStudioVersion = 10.0.40219.1
Project("{2150E333-8FDC-42A3-9474-1A3956D46DE8}") = "Presentation", "Presentation", "{0497A3BC-4DAA-4F46-8D9D-DC20897C6793}"
EndProject
Project("{9A19103F-16F7-4668-BE54-9A1E7A4F7556}") = "Trashcan.Api", "Trashcan.Api\Trashcan.Api.csproj", "{B4A47179-998F-4C88-AE68-5090BD0CB8D4}"
EndProject
Project("{2150E333-8FDC-42A3-9474-1A3956D46DE8}") = "Infrastructure", "Infrastructure", "{4FCC2B1D-6BD8-4870-8736-80E3C05D4397}"
EndProject
Project("{2150E333-8FDC-42A3-9474-1A3956D46DE8}") = "Core", "Core", "{5E97EE03-3F50-4384-A51C-3673848DBE7F}"
EndProject
Project("{9A19103F-16F7-4668-BE54-9A1E7A4F7556}") = "Trashcan.Domain", "Trashcan.Domain\Trashcan.Domain.csproj", "{BAFED7A9-F9C2-4FAC-B131-2A8F59394268}"
EndProject
Project("{9A19103F-16F7-4668-BE54-9A1E7A4F7556}") = "Trashcan.DAL", "Trashcan.DAL\Trashcan.DAL.csproj", "{CCDA6650-0873-4EFD-B79B-8F8F1A1839F4}"
EndProject
Project("{FAE04EC0-301F-11D3-BF4B-00C04F79EFBC}") = "Trashcan.Application", "Trashcan.Application\Trashcan.Application.csproj", "{0EFADA43-6B8E-4DB2-9ABC-9A323EBC1DE6}"
EndProject
Global
	GlobalSection(SolutionConfigurationPlatforms) = preSolution
		Debug|Any CPU = Debug|Any CPU
		Release|Any CPU = Release|Any CPU
	EndGlobalSection
	GlobalSection(ProjectConfigurationPlatforms) = postSolution
		{B4A47179-998F-4C88-AE68-5090BD0CB8D4}.Debug|Any CPU.ActiveCfg = Debug|Any CPU
		{B4A47179-998F-4C88-AE68-5090BD0CB8D4}.Debug|Any CPU.Build.0 = Debug|Any CPU
		{B4A47179-998F-4C88-AE68-5090BD0CB8D4}.Release|Any CPU.ActiveCfg = Release|Any CPU
		{B4A47179-998F-4C88-AE68-5090BD0CB8D4}.Release|Any CPU.Build.0 = Release|Any CPU
		{BAFED7A9-F9C2-4FAC-B131-2A8F59394268}.Debug|Any CPU.ActiveCfg = Debug|Any CPU
		{BAFED7A9-F9C2-4FAC-B131-2A8F59394268}.Debug|Any CPU.Build.0 = Debug|Any CPU
		{BAFED7A9-F9C2-4FAC-B131-2A8F59394268}.Release|Any CPU.ActiveCfg = Release|Any CPU
		{BAFED7A9-F9C2-4FAC-B131-2A8F59394268}.Release|Any CPU.Build.0 = Release|Any CPU
		{CCDA6650-0873-4EFD-B79B-8F8F1A1839F4}.Debug|Any CPU.ActiveCfg = Debug|Any CPU
		{CCDA6650-0873-4EFD-B79B-8F8F1A1839F4}.Debug|Any CPU.Build.0 = Debug|Any CPU
		{CCDA6650-0873-4EFD-B79B-8F8F1A1839F4}.Release|Any CPU.ActiveCfg = Release|Any CPU
		{CCDA6650-0873-4EFD-B79B-8F8F1A1839F4}.Release|Any CPU.Build.0 = Release|Any CPU
		{0EFADA43-6B8E-4DB2-9ABC-9A323EBC1DE6}.Debug|Any CPU.ActiveCfg = Debug|Any CPU
		{0EFADA43-6B8E-4DB2-9ABC-9A323EBC1DE6}.Debug|Any CPU.Build.0 = Debug|Any CPU
		{0EFADA43-6B8E-4DB2-9ABC-9A323EBC1DE6}.Release|Any CPU.ActiveCfg = Release|Any CPU
		{0EFADA43-6B8E-4DB2-9ABC-9A323EBC1DE6}.Release|Any CPU.Build.0 = Release|Any CPU
	EndGlobalSection
	GlobalSection(SolutionProperties) = preSolution
		HideSolutionNode = FALSE
	EndGlobalSection
	GlobalSection(NestedProjects) = preSolution
		{B4A47179-998F-4C88-AE68-5090BD0CB8D4} = {0497A3BC-4DAA-4F46-8D9D-DC20897C6793}
		{BAFED7A9-F9C2-4FAC-B131-2A8F59394268} = {5E97EE03-3F50-4384-A51C-3673848DBE7F}
		{CCDA6650-0873-4EFD-B79B-8F8F1A1839F4} = {4FCC2B1D-6BD8-4870-8736-80E3C05D4397}
	EndGlobalSection
	GlobalSection(ExtensibilityGlobals) = postSolution
		SolutionGuid = {617E79A5-62D2-4605-95A5-3457C06CAC58}
	EndGlobalSection
EndGlobal
